// !$*UTF8*$!
{
	archiveVersion = 1;
	classes = {
	};
	objectVersion = 46;
	objects = {

/* Begin PBXBuildFile section */
		2C6F87BD1AF181CD0055E8DF /* Earth.jpg in Resources */ = {isa = PBXBuildFile; fileRef = 2C6F87B31AF181CD0055E8DF /* Earth.jpg */; };
		2C6F87BE1AF181CD0055E8DF /* EinsteinRing.jpg in Resources */ = {isa = PBXBuildFile; fileRef = 2C6F87B41AF181CD0055E8DF /* EinsteinRing.jpg */; };
		2C6F87BF1AF181CD0055E8DF /* Jupiter.jpg in Resources */ = {isa = PBXBuildFile; fileRef = 2C6F87B51AF181CD0055E8DF /* Jupiter.jpg */; };
		2C6F87C01AF181CD0055E8DF /* Mars.jpg in Resources */ = {isa = PBXBuildFile; fileRef = 2C6F87B61AF181CD0055E8DF /* Mars.jpg */; };
		2C6F87C11AF181CD0055E8DF /* Mercury.jpg in Resources */ = {isa = PBXBuildFile; fileRef = 2C6F87B71AF181CD0055E8DF /* Mercury.jpg */; };
		2C6F87C21AF181CD0055E8DF /* Neptune.jpg in Resources */ = {isa = PBXBuildFile; fileRef = 2C6F87B81AF181CD0055E8DF /* Neptune.jpg */; };
		2C6F87C31AF181CD0055E8DF /* Orion.jpg in Resources */ = {isa = PBXBuildFile; fileRef = 2C6F87B91AF181CD0055E8DF /* Orion.jpg */; };
		2C6F87C41AF181CD0055E8DF /* Saturn.jpg in Resources */ = {isa = PBXBuildFile; fileRef = 2C6F87BA1AF181CD0055E8DF /* Saturn.jpg */; };
		2C6F87C51AF181CD0055E8DF /* Uranus.jpg in Resources */ = {isa = PBXBuildFile; fileRef = 2C6F87BB1AF181CD0055E8DF /* Uranus.jpg */; };
		2C6F87C61AF181CD0055E8DF /* Venus.jpg in Resources */ = {isa = PBXBuildFile; fileRef = 2C6F87BC1AF181CD0055E8DF /* Venus.jpg */; };
		2C6F87C91AF181E10055E8DF /* GMSpaceObject.m in Sources */ = {isa = PBXBuildFile; fileRef = 2C6F87C81AF181E10055E8DF /* GMSpaceObject.m */; };
		2C6F87CC1AF18C370055E8DF /* GMSpaceImageViewController.m in Sources */ = {isa = PBXBuildFile; fileRef = 2C6F87CB1AF18C370055E8DF /* GMSpaceImageViewController.m */; };
		2CA0F80E1AF0305200228E2B /* Foundation.framework in Frameworks */ = {isa = PBXBuildFile; fileRef = 2CA0F80D1AF0305200228E2B /* Foundation.framework */; };
		2CA0F8101AF0305200228E2B /* CoreGraphics.framework in Frameworks */ = {isa = PBXBuildFile; fileRef = 2CA0F80F1AF0305200228E2B /* CoreGraphics.framework */; };
		2CA0F8121AF0305200228E2B /* UIKit.framework in Frameworks */ = {isa = PBXBuildFile; fileRef = 2CA0F8111AF0305200228E2B /* UIKit.framework */; };
		2CA0F8181AF0305200228E2B /* InfoPlist.strings in Resources */ = {isa = PBXBuildFile; fileRef = 2CA0F8161AF0305200228E2B /* InfoPlist.strings */; };
		2CA0F81A1AF0305200228E2B /* main.m in Sources */ = {isa = PBXBuildFile; fileRef = 2CA0F8191AF0305200228E2B /* main.m */; };
		2CA0F81E1AF0305200228E2B /* GMAppDelegate.m in Sources */ = {isa = PBXBuildFile; fileRef = 2CA0F81D1AF0305200228E2B /* GMAppDelegate.m */; };
		2CA0F8211AF0305200228E2B /* Main.storyboard in Resources */ = {isa = PBXBuildFile; fileRef = 2CA0F81F1AF0305200228E2B /* Main.storyboard */; };
		2CA0F8261AF0305200228E2B /* Images.xcassets in Resources */ = {isa = PBXBuildFile; fileRef = 2CA0F8251AF0305200228E2B /* Images.xcassets */; };
		2CA0F82D1AF0305200228E2B /* XCTest.framework in Frameworks */ = {isa = PBXBuildFile; fileRef = 2CA0F82C1AF0305200228E2B /* XCTest.framework */; };
		2CA0F82E1AF0305200228E2B /* Foundation.framework in Frameworks */ = {isa = PBXBuildFile; fileRef = 2CA0F80D1AF0305200228E2B /* Foundation.framework */; };
		2CA0F82F1AF0305200228E2B /* UIKit.framework in Frameworks */ = {isa = PBXBuildFile; fileRef = 2CA0F8111AF0305200228E2B /* UIKit.framework */; };
		2CA0F8371AF0305200228E2B /* InfoPlist.strings in Resources */ = {isa = PBXBuildFile; fileRef = 2CA0F8351AF0305200228E2B /* InfoPlist.strings */; };
		2CA0F8391AF0305200228E2B /* Out_of_this_WorldTests.m in Sources */ = {isa = PBXBuildFile; fileRef = 2CA0F8381AF0305200228E2B /* Out_of_this_WorldTests.m */; };
		2CA0F8471AF0325800228E2B /* GMOuterSpaceTableViewController.m in Sources */ = {isa = PBXBuildFile; fileRef = 2CA0F8461AF0325800228E2B /* GMOuterSpaceTableViewController.m */; };
		2CA0F84A1AF03EAE00228E2B /* AstronomicalData.m in Sources */ = {isa = PBXBuildFile; fileRef = 2CA0F8491AF03EAE00228E2B /* AstronomicalData.m */; };
/* End PBXBuildFile section */

/* Begin PBXContainerItemProxy section */
		2CA0F8301AF0305200228E2B /* PBXContainerItemProxy */ = {
			isa = PBXContainerItemProxy;
			containerPortal = 2CA0F8021AF0305200228E2B /* Project object */;
			proxyType = 1;
			remoteGlobalIDString = 2CA0F8091AF0305200228E2B;
			remoteInfo = "Out of this World";
		};
/* End PBXContainerItemProxy section */

/* Begin PBXFileReference section */
		2C6F87B31AF181CD0055E8DF /* Earth.jpg */ = {isa = PBXFileReference; lastKnownFileType = image.jpeg; path = Earth.jpg; sourceTree = "<group>"; };
		2C6F87B41AF181CD0055E8DF /* EinsteinRing.jpg */ = {isa = PBXFileReference; lastKnownFileType = image.jpeg; path = EinsteinRing.jpg; sourceTree = "<group>"; };
		2C6F87B51AF181CD0055E8DF /* Jupiter.jpg */ = {isa = PBXFileReference; lastKnownFileType = image.jpeg; path = Jupiter.jpg; sourceTree = "<group>"; };
		2C6F87B61AF181CD0055E8DF /* Mars.jpg */ = {isa = PBXFileReference; lastKnownFileType = image.jpeg; path = Mars.jpg; sourceTree = "<group>"; };
		2C6F87B71AF181CD0055E8DF /* Mercury.jpg */ = {isa = PBXFileReference; lastKnownFileType = image.jpeg; path = Mercury.jpg; sourceTree = "<group>"; };
		2C6F87B81AF181CD0055E8DF /* Neptune.jpg */ = {isa = PBXFileReference; lastKnownFileType = image.jpeg; path = Neptune.jpg; sourceTree = "<group>"; };
		2C6F87B91AF181CD0055E8DF /* Orion.jpg */ = {isa = PBXFileReference; lastKnownFileType = image.jpeg; path = Orion.jpg; sourceTree = "<group>"; };
		2C6F87BA1AF181CD0055E8DF /* Saturn.jpg */ = {isa = PBXFileReference; lastKnownFileType = image.jpeg; path = Saturn.jpg; sourceTree = "<group>"; };
		2C6F87BB1AF181CD0055E8DF /* Uranus.jpg */ = {isa = PBXFileReference; lastKnownFileType = image.jpeg; path = Uranus.jpg; sourceTree = "<group>"; };
		2C6F87BC1AF181CD0055E8DF /* Venus.jpg */ = {isa = PBXFileReference; lastKnownFileType = image.jpeg; path = Venus.jpg; sourceTree = "<group>"; };
		2C6F87C71AF181E10055E8DF /* GMSpaceObject.h */ = {isa = PBXFileReference; fileEncoding = 4; lastKnownFileType = sourcecode.c.h; path = GMSpaceObject.h; sourceTree = "<group>"; };
		2C6F87C81AF181E10055E8DF /* GMSpaceObject.m */ = {isa = PBXFileReference; fileEncoding = 4; lastKnownFileType = sourcecode.c.objc; path = GMSpaceObject.m; sourceTree = "<group>"; };
		2C6F87CA1AF18C370055E8DF /* GMSpaceImageViewController.h */ = {isa = PBXFileReference; fileEncoding = 4; lastKnownFileType = sourcecode.c.h; path = GMSpaceImageViewController.h; sourceTree = "<group>"; };
		2C6F87CB1AF18C370055E8DF /* GMSpaceImageViewController.m */ = {isa = PBXFileReference; fileEncoding = 4; lastKnownFileType = sourcecode.c.objc; path = GMSpaceImageViewController.m; sourceTree = "<group>"; };
		2CA0F80A1AF0305200228E2B /* Out of this World.app */ = {isa = PBXFileReference; explicitFileType = wrapper.application; includeInIndex = 0; path = "Out of this World.app"; sourceTree = BUILT_PRODUCTS_DIR; };
		2CA0F80D1AF0305200228E2B /* Foundation.framework */ = {isa = PBXFileReference; lastKnownFileType = wrapper.framework; name = Foundation.framework; path = System/Library/Frameworks/Foundation.framework; sourceTree = SDKROOT; };
		2CA0F80F1AF0305200228E2B /* CoreGraphics.framework */ = {isa = PBXFileReference; lastKnownFileType = wrapper.framework; name = CoreGraphics.framework; path = System/Library/Frameworks/CoreGraphics.framework; sourceTree = SDKROOT; };
		2CA0F8111AF0305200228E2B /* UIKit.framework */ = {isa = PBXFileReference; lastKnownFileType = wrapper.framework; name = UIKit.framework; path = System/Library/Frameworks/UIKit.framework; sourceTree = SDKROOT; };
		2CA0F8151AF0305200228E2B /* Out of this World-Info.plist */ = {isa = PBXFileReference; lastKnownFileType = text.plist.xml; path = "Out of this World-Info.plist"; sourceTree = "<group>"; };
		2CA0F8171AF0305200228E2B /* en */ = {isa = PBXFileReference; lastKnownFileType = text.plist.strings; name = en; path = en.lproj/InfoPlist.strings; sourceTree = "<group>"; };
		2CA0F8191AF0305200228E2B /* main.m */ = {isa = PBXFileReference; lastKnownFileType = sourcecode.c.objc; path = main.m; sourceTree = "<group>"; };
		2CA0F81B1AF0305200228E2B /* Out of this World-Prefix.pch */ = {isa = PBXFileReference; lastKnownFileType = sourcecode.c.h; path = "Out of this World-Prefix.pch"; sourceTree = "<group>"; };
		2CA0F81C1AF0305200228E2B /* GMAppDelegate.h */ = {isa = PBXFileReference; lastKnownFileType = sourcecode.c.h; path = GMAppDelegate.h; sourceTree = "<group>"; };
		2CA0F81D1AF0305200228E2B /* GMAppDelegate.m */ = {isa = PBXFileReference; lastKnownFileType = sourcecode.c.objc; path = GMAppDelegate.m; sourceTree = "<group>"; };
		2CA0F8201AF0305200228E2B /* Base */ = {isa = PBXFileReference; lastKnownFileType = file.storyboard; name = Base; path = Base.lproj/Main.storyboard; sourceTree = "<group>"; };
		2CA0F8251AF0305200228E2B /* Images.xcassets */ = {isa = PBXFileReference; lastKnownFileType = folder.assetcatalog; path = Images.xcassets; sourceTree = "<group>"; };
		2CA0F82B1AF0305200228E2B /* Out of this WorldTests.xctest */ = {isa = PBXFileReference; explicitFileType = wrapper.cfbundle; includeInIndex = 0; path = "Out of this WorldTests.xctest"; sourceTree = BUILT_PRODUCTS_DIR; };
		2CA0F82C1AF0305200228E2B /* XCTest.framework */ = {isa = PBXFileReference; lastKnownFileType = wrapper.framework; name = XCTest.framework; path = Library/Frameworks/XCTest.framework; sourceTree = DEVELOPER_DIR; };
		2CA0F8341AF0305200228E2B /* Out of this WorldTests-Info.plist */ = {isa = PBXFileReference; lastKnownFileType = text.plist.xml; path = "Out of this WorldTests-Info.plist"; sourceTree = "<group>"; };
		2CA0F8361AF0305200228E2B /* en */ = {isa = PBXFileReference; lastKnownFileType = text.plist.strings; name = en; path = en.lproj/InfoPlist.strings; sourceTree = "<group>"; };
		2CA0F8381AF0305200228E2B /* Out_of_this_WorldTests.m */ = {isa = PBXFileReference; lastKnownFileType = sourcecode.c.objc; path = Out_of_this_WorldTests.m; sourceTree = "<group>"; };
		2CA0F8451AF0325800228E2B /* GMOuterSpaceTableViewController.h */ = {isa = PBXFileReference; fileEncoding = 4; lastKnownFileType = sourcecode.c.h; name = GMOuterSpaceTableViewController.h; path = ../GMOuterSpaceTableViewController.h; sourceTree = "<group>"; };
		2CA0F8461AF0325800228E2B /* GMOuterSpaceTableViewController.m */ = {isa = PBXFileReference; fileEncoding = 4; lastKnownFileType = sourcecode.c.objc; name = GMOuterSpaceTableViewController.m; path = ../GMOuterSpaceTableViewController.m; sourceTree = "<group>"; };
		2CA0F8481AF03EAE00228E2B /* AstronomicalData.h */ = {isa = PBXFileReference; fileEncoding = 4; lastKnownFileType = sourcecode.c.h; path = AstronomicalData.h; sourceTree = "<group>"; };
		2CA0F8491AF03EAE00228E2B /* AstronomicalData.m */ = {isa = PBXFileReference; fileEncoding = 4; lastKnownFileType = sourcecode.c.objc; path = AstronomicalData.m; sourceTree = "<group>"; };
/* End PBXFileReference section */

/* Begin PBXFrameworksBuildPhase section */
		2CA0F8071AF0305200228E2B /* Frameworks */ = {
			isa = PBXFrameworksBuildPhase;
			buildActionMask = 2147483647;
			files = (
				2CA0F8101AF0305200228E2B /* CoreGraphics.framework in Frameworks */,
				2CA0F8121AF0305200228E2B /* UIKit.framework in Frameworks */,
				2CA0F80E1AF0305200228E2B /* Foundation.framework in Frameworks */,
			);
			runOnlyForDeploymentPostprocessing = 0;
		};
		2CA0F8281AF0305200228E2B /* Frameworks */ = {
			isa = PBXFrameworksBuildPhase;
			buildActionMask = 2147483647;
			files = (
				2CA0F82D1AF0305200228E2B /* XCTest.framework in Frameworks */,
				2CA0F82F1AF0305200228E2B /* UIKit.framework in Frameworks */,
				2CA0F82E1AF0305200228E2B /* Foundation.framework in Frameworks */,
			);
			runOnlyForDeploymentPostprocessing = 0;
		};
/* End PBXFrameworksBuildPhase section */

/* Begin PBXGroup section */
		2CA0F8011AF0305200228E2B = {
			isa = PBXGroup;
			children = (
				2C6F87CA1AF18C370055E8DF /* GMSpaceImageViewController.h */,
				2C6F87CB1AF18C370055E8DF /* GMSpaceImageViewController.m */,
				2CA0F8131AF0305200228E2B /* Out of this World */,
				2CA0F8321AF0305200228E2B /* Out of this WorldTests */,
				2CA0F80C1AF0305200228E2B /* Frameworks */,
				2CA0F80B1AF0305200228E2B /* Products */,
			);
			sourceTree = "<group>";
		};
		2CA0F80B1AF0305200228E2B /* Products */ = {
			isa = PBXGroup;
			children = (
				2CA0F80A1AF0305200228E2B /* Out of this World.app */,
				2CA0F82B1AF0305200228E2B /* Out of this WorldTests.xctest */,
			);
			name = Products;
			sourceTree = "<group>";
		};
		2CA0F80C1AF0305200228E2B /* Frameworks */ = {
			isa = PBXGroup;
			children = (
				2CA0F80D1AF0305200228E2B /* Foundation.framework */,
				2CA0F80F1AF0305200228E2B /* CoreGraphics.framework */,
				2CA0F8111AF0305200228E2B /* UIKit.framework */,
				2CA0F82C1AF0305200228E2B /* XCTest.framework */,
			);
			name = Frameworks;
			sourceTree = "<group>";
		};
		2CA0F8131AF0305200228E2B /* Out of this World */ = {
			isa = PBXGroup;
			children = (
				2CA0F81C1AF0305200228E2B /* GMAppDelegate.h */,
				2CA0F81D1AF0305200228E2B /* GMAppDelegate.m */,
				2CA0F8451AF0325800228E2B /* GMOuterSpaceTableViewController.h */,
				2CA0F8461AF0325800228E2B /* GMOuterSpaceTableViewController.m */,
				2C6F87C71AF181E10055E8DF /* GMSpaceObject.h */,
				2C6F87C81AF181E10055E8DF /* GMSpaceObject.m */,
				2CA0F81F1AF0305200228E2B /* Main.storyboard */,
				2CA0F8251AF0305200228E2B /* Images.xcassets */,
				2CA0F8141AF0305200228E2B /* Supporting Files */,
			);
			path = "Out of this World";
			sourceTree = "<group>";
		};
		2CA0F8141AF0305200228E2B /* Supporting Files */ = {
			isa = PBXGroup;
			children = (
				2C6F87B31AF181CD0055E8DF /* Earth.jpg */,
				2C6F87B41AF181CD0055E8DF /* EinsteinRing.jpg */,
				2C6F87B51AF181CD0055E8DF /* Jupiter.jpg */,
				2C6F87B61AF181CD0055E8DF /* Mars.jpg */,
				2C6F87B71AF181CD0055E8DF /* Mercury.jpg */,
				2C6F87B81AF181CD0055E8DF /* Neptune.jpg */,
				2C6F87B91AF181CD0055E8DF /* Orion.jpg */,
				2C6F87BA1AF181CD0055E8DF /* Saturn.jpg */,
				2C6F87BB1AF181CD0055E8DF /* Uranus.jpg */,
				2C6F87BC1AF181CD0055E8DF /* Venus.jpg */,
				2CA0F8481AF03EAE00228E2B /* AstronomicalData.h */,
				2CA0F8491AF03EAE00228E2B /* AstronomicalData.m */,
				2CA0F8151AF0305200228E2B /* Out of this World-Info.plist */,
				2CA0F8161AF0305200228E2B /* InfoPlist.strings */,
				2CA0F8191AF0305200228E2B /* main.m */,
				2CA0F81B1AF0305200228E2B /* Out of this World-Prefix.pch */,
			);
			name = "Supporting Files";
			sourceTree = "<group>";
		};
		2CA0F8321AF0305200228E2B /* Out of this WorldTests */ = {
			isa = PBXGroup;
			children = (
				2CA0F8381AF0305200228E2B /* Out_of_this_WorldTests.m */,
				2CA0F8331AF0305200228E2B /* Supporting Files */,
			);
			path = "Out of this WorldTests";
			sourceTree = "<group>";
		};
		2CA0F8331AF0305200228E2B /* Supporting Files */ = {
			isa = PBXGroup;
			children = (
				2CA0F8341AF0305200228E2B /* Out of this WorldTests-Info.plist */,
				2CA0F8351AF0305200228E2B /* InfoPlist.strings */,
			);
			name = "Supporting Files";
			sourceTree = "<group>";
		};
/* End PBXGroup section */

/* Begin PBXNativeTarget section */
		2CA0F8091AF0305200228E2B /* Out of this World */ = {
			isa = PBXNativeTarget;
			buildConfigurationList = 2CA0F83C1AF0305200228E2B /* Build configuration list for PBXNativeTarget "Out of this World" */;
			buildPhases = (
				2CA0F8061AF0305200228E2B /* Sources */,
				2CA0F8071AF0305200228E2B /* Frameworks */,
				2CA0F8081AF0305200228E2B /* Resources */,
			);
			buildRules = (
			);
			dependencies = (
			);
			name = "Out of this World";
			productName = "Out of this World";
			productReference = 2CA0F80A1AF0305200228E2B /* Out of this World.app */;
			productType = "com.apple.product-type.application";
		};
		2CA0F82A1AF0305200228E2B /* Out of this WorldTests */ = {
			isa = PBXNativeTarget;
			buildConfigurationList = 2CA0F83F1AF0305200228E2B /* Build configuration list for PBXNativeTarget "Out of this WorldTests" */;
			buildPhases = (
				2CA0F8271AF0305200228E2B /* Sources */,
				2CA0F8281AF0305200228E2B /* Frameworks */,
				2CA0F8291AF0305200228E2B /* Resources */,
			);
			buildRules = (
			);
			dependencies = (
				2CA0F8311AF0305200228E2B /* PBXTargetDependency */,
			);
			name = "Out of this WorldTests";
			productName = "Out of this WorldTests";
			productReference = 2CA0F82B1AF0305200228E2B /* Out of this WorldTests.xctest */;
			productType = "com.apple.product-type.bundle.unit-test";
		};
/* End PBXNativeTarget section */

/* Begin PBXProject section */
		2CA0F8021AF0305200228E2B /* Project object */ = {
			isa = PBXProject;
			attributes = {
				CLASSPREFIX = GM;
				LastUpgradeCheck = 0510;
				ORGANIZATIONNAME = SwiftBeard;
				TargetAttributes = {
					2CA0F82A1AF0305200228E2B = {
						TestTargetID = 2CA0F8091AF0305200228E2B;
					};
				};
			};
			buildConfigurationList = 2CA0F8051AF0305200228E2B /* Build configuration list for PBXProject "Out of this World" */;
			compatibilityVersion = "Xcode 3.2";
			developmentRegion = English;
			hasScannedForEncodings = 0;
			knownRegions = (
				en,
				Base,
			);
			mainGroup = 2CA0F8011AF0305200228E2B;
			productRefGroup = 2CA0F80B1AF0305200228E2B /* Products */;
			projectDirPath = "";
			projectRoot = "";
			targets = (
				2CA0F8091AF0305200228E2B /* Out of this World */,
				2CA0F82A1AF0305200228E2B /* Out of this WorldTests */,
			);
		};
/* End PBXProject section */

/* Begin PBXResourcesBuildPhase section */
		2CA0F8081AF0305200228E2B /* Resources */ = {
			isa = PBXResourcesBuildPhase;
			buildActionMask = 2147483647;
			files = (
				2C6F87BD1AF181CD0055E8DF /* Earth.jpg in Resources */,
				2C6F87C61AF181CD0055E8DF /* Venus.jpg in Resources */,
				2C6F87C11AF181CD0055E8DF /* Mercury.jpg in Resources */,
				2C6F87C41AF181CD0055E8DF /* Saturn.jpg in Resources */,
				2C6F87C51AF181CD0055E8DF /* Uranus.jpg in Resources */,
				2CA0F8261AF0305200228E2B /* Images.xcassets in Resources */,
				2C6F87C21AF181CD0055E8DF /* Neptune.jpg in Resources */,
				2C6F87C01AF181CD0055E8DF /* Mars.jpg in Resources */,
				2CA0F8181AF0305200228E2B /* InfoPlist.strings in Resources */,
				2CA0F8211AF0305200228E2B /* Main.storyboard in Resources */,
				2C6F87BE1AF181CD0055E8DF /* EinsteinRing.jpg in Resources */,
				2C6F87BF1AF181CD0055E8DF /* Jupiter.jpg in Resources */,
				2C6F87C31AF181CD0055E8DF /* Orion.jpg in Resources */,
			);
			runOnlyForDeploymentPostprocessing = 0;
		};
		2CA0F8291AF0305200228E2B /* Resources */ = {
			isa = PBXResourcesBuildPhase;
			buildActionMask = 2147483647;
			files = (
				2CA0F8371AF0305200228E2B /* InfoPlist.strings in Resources */,
			);
			runOnlyForDeploymentPostprocessing = 0;
		};
/* End PBXResourcesBuildPhase section */

/* Begin PBXSourcesBuildPhase section */
		2CA0F8061AF0305200228E2B /* Sources */ = {
			isa = PBXSourcesBuildPhase;
			buildActionMask = 2147483647;
			files = (
				2C6F87C91AF181E10055E8DF /* GMSpaceObject.m in Sources */,
				2C6F87CC1AF18C370055E8DF /* GMSpaceImageViewController.m in Sources */,
				2CA0F81E1AF0305200228E2B /* GMAppDelegate.m in Sources */,
				2CA0F81A1AF0305200228E2B /* main.m in Sources */,
				2CA0F8471AF0325800228E2B /* GMOuterSpaceTableViewController.m in Sources */,
				2CA0F84A1AF03EAE00228E2B /* AstronomicalData.m in Sources */,
			);
			runOnlyForDeploymentPostprocessing = 0;
		};
		2CA0F8271AF0305200228E2B /* Sources */ = {
			isa = PBXSourcesBuildPhase;
			buildActionMask = 2147483647;
			files = (
				2CA0F8391AF0305200228E2B /* Out_of_this_WorldTests.m in Sources */,
			);
			runOnlyForDeploymentPostprocessing = 0;
		};
/* End PBXSourcesBuildPhase section */

/* Begin PBXTargetDependency section */
		2CA0F8311AF0305200228E2B /* PBXTargetDependency */ = {
			isa = PBXTargetDependency;
			target = 2CA0F8091AF0305200228E2B /* Out of this World */;
			targetProxy = 2CA0F8301AF0305200228E2B /* PBXContainerItemProxy */;
		};
/* End PBXTargetDependency section */

/* Begin PBXVariantGroup section */
		2CA0F8161AF0305200228E2B /* InfoPlist.strings */ = {
			isa = PBXVariantGroup;
			children = (
				2CA0F8171AF0305200228E2B /* en */,
			);
			name = InfoPlist.strings;
			sourceTree = "<group>";
		};
		2CA0F81F1AF0305200228E2B /* Main.storyboard */ = {
			isa = PBXVariantGroup;
			children = (
				2CA0F8201AF0305200228E2B /* Base */,
			);
			name = Main.storyboard;
			sourceTree = "<group>";
		};
		2CA0F8351AF0305200228E2B /* InfoPlist.strings */ = {
			isa = PBXVariantGroup;
			children = (
				2CA0F8361AF0305200228E2B /* en */,
			);
			name = InfoPlist.strings;
			sourceTree = "<group>";
		};
/* End PBXVariantGroup section */

/* Begin XCBuildConfiguration section */
		2CA0F83A1AF0305200228E2B /* Debug */ = {
			isa = XCBuildConfiguration;
			buildSettings = {
				ALWAYS_SEARCH_USER_PATHS = NO;
				CLANG_CXX_LANGUAGE_STANDARD = "gnu++0x";
				CLANG_CXX_LIBRARY = "libc++";
				CLANG_ENABLE_MODULES = YES;
				CLANG_ENABLE_OBJC_ARC = YES;
				CLANG_WARN_BOOL_CONVERSION = YES;
				CLANG_WARN_CONSTANT_CONVERSION = YES;
				CLANG_WARN_DIRECT_OBJC_ISA_USAGE = YES_ERROR;
				CLANG_WARN_EMPTY_BODY = YES;
				CLANG_WARN_ENUM_CONVERSION = YES;
				CLANG_WARN_INT_CONVERSION = YES;
				CLANG_WARN_OBJC_ROOT_CLASS = YES_ERROR;
				CLANG_WARN__DUPLICATE_METHOD_MATCH = YES;
				"CODE_SIGN_IDENTITY[sdk=iphoneos*]" = "iPhone Developer";
				COPY_PHASE_STRIP = NO;
				GCC_C_LANGUAGE_STANDARD = gnu99;
				GCC_DYNAMIC_NO_PIC = NO;
				GCC_OPTIMIZATION_LEVEL = 0;
				GCC_PREPROCESSOR_DEFINITIONS = (
					"DEBUG=1",
					"$(inherited)",
				);
				GCC_SYMBOLS_PRIVATE_EXTERN = NO;
				GCC_WARN_64_TO_32_BIT_CONVERSION = YES;
				GCC_WARN_ABOUT_RETURN_TYPE = YES_ERROR;
				GCC_WARN_UNDECLARED_SELECTOR = YES;
				GCC_WARN_UNINITIALIZED_AUTOS = YES_AGGRESSIVE;
				GCC_WARN_UNUSED_FUNCTION = YES;
				GCC_WARN_UNUSED_VARIABLE = YES;
				IPHONEOS_DEPLOYMENT_TARGET = 7.1;
				ONLY_ACTIVE_ARCH = YES;
				SDKROOT = iphoneos;
			};
			name = Debug;
		};
		2CA0F83B1AF0305200228E2B /* Release */ = {
			isa = XCBuildConfiguration;
			buildSettings = {
				ALWAYS_SEARCH_USER_PATHS = NO;
				CLANG_CXX_LANGUAGE_STANDARD = "gnu++0x";
				CLANG_CXX_LIBRARY = "libc++";
				CLANG_ENABLE_MODULES = YES;
				CLANG_ENABLE_OBJC_ARC = YES;
				CLANG_WARN_BOOL_CONVERSION = YES;
				CLANG_WARN_CONSTANT_CONVERSION = YES;
				CLANG_WARN_DIRECT_OBJC_ISA_USAGE = YES_ERROR;
				CLANG_WARN_EMPTY_BODY = YES;
				CLANG_WARN_ENUM_CONVERSION = YES;
				CLANG_WARN_INT_CONVERSION = YES;
				CLANG_WARN_OBJC_ROOT_CLASS = YES_ERROR;
				CLANG_WARN__DUPLICATE_METHOD_MATCH = YES;
				"CODE_SIGN_IDENTITY[sdk=iphoneos*]" = "iPhone Developer";
				COPY_PHASE_STRIP = YES;
				ENABLE_NS_ASSERTIONS = NO;
				GCC_C_LANGUAGE_STANDARD = gnu99;
				GCC_WARN_64_TO_32_BIT_CONVERSION = YES;
				GCC_WARN_ABOUT_RETURN_TYPE = YES_ERROR;
				GCC_WARN_UNDECLARED_SELECTOR = YES;
				GCC_WARN_UNINITIALIZED_AUTOS = YES_AGGRESSIVE;
				GCC_WARN_UNUSED_FUNCTION = YES;
				GCC_WARN_UNUSED_VARIABLE = YES;
				IPHONEOS_DEPLOYMENT_TARGET = 7.1;
				SDKROOT = iphoneos;
				VALIDATE_PRODUCT = YES;
			};
			name = Release;
		};
		2CA0F83D1AF0305200228E2B /* Debug */ = {
			isa = XCBuildConfiguration;
			buildSettings = {
				ASSETCATALOG_COMPILER_APPICON_NAME = AppIcon;
				ASSETCATALOG_COMPILER_LAUNCHIMAGE_NAME = LaunchImage;
				GCC_PRECOMPILE_PREFIX_HEADER = YES;
				GCC_PREFIX_HEADER = "Out of this World/Out of this World-Prefix.pch";
				INFOPLIST_FILE = "Out of this World/Out of this World-Info.plist";
				PRODUCT_NAME = "$(TARGET_NAME)";
				WRAPPER_EXTENSION = app;
			};
			name = Debug;
		};
		2CA0F83E1AF0305200228E2B /* Release */ = {
			isa = XCBuildConfiguration;
			buildSettings = {
				ASSETCATALOG_COMPILER_APPICON_NAME = AppIcon;
				ASSETCATALOG_COMPILER_LAUNCHIMAGE_NAME = LaunchImage;
				GCC_PRECOMPILE_PREFIX_HEADER = YES;
				GCC_PREFIX_HEADER = "Out of this World/Out of this World-Prefix.pch";
				INFOPLIST_FILE = "Out of this World/Out of this World-Info.plist";
				PRODUCT_NAME = "$(TARGET_NAME)";
				WRAPPER_EXTENSION = app;
			};
			name = Release;
		};
		2CA0F8401AF0305200228E2B /* Debug */ = {
			isa = XCBuildConfiguration;
			buildSettings = {
				BUNDLE_LOADER = "$(BUILT_PRODUCTS_DIR)/Out of this World.app/Out of this World";
				FRAMEWORK_SEARCH_PATHS = (
					"$(SDKROOT)/Developer/Library/Frameworks",
					"$(inherited)",
					"$(DEVELOPER_FRAMEWORKS_DIR)",
				);
				GCC_PRECOMPILE_PREFIX_HEADER = YES;
				GCC_PREFIX_HEADER = "Out of this World/Out of this World-Prefix.pch";
				GCC_PREPROCESSOR_DEFINITIONS = (
					"DEBUG=1",
					"$(inherited)",
				);
				INFOPLIST_FILE = "Out of this WorldTests/Out of this WorldTests-Info.plist";
				PRODUCT_NAME = "$(TARGET_NAME)";
				TEST_HOST = "$(BUNDLE_LOADER)";
				WRAPPER_EXTENSION = xctest;
			};
			name = Debug;
		};
		2CA0F8411AF0305200228E2B /* Release */ = {
			isa = XCBuildConfiguration;
			buildSettings = {
				BUNDLE_LOADER = "$(BUILT_PRODUCTS_DIR)/Out of this World.app/Out of this World";
				FRAMEWORK_SEARCH_PATHS = (
					"$(SDKROOT)/Developer/Library/Frameworks",
					"$(inherited)",
					"$(DEVELOPER_FRAMEWORKS_DIR)",
				);
				GCC_PRECOMPILE_PREFIX_HEADER = YES;
				GCC_PREFIX_HEADER = "Out of this World/Out of this World-Prefix.pch";
				INFOPLIST_FILE = "Out of this WorldTests/Out of this WorldTests-Info.plist";
				PRODUCT_NAME = "$(TARGET_NAME)";
				TEST_HOST = "$(BUNDLE_LOADER)";
				WRAPPER_EXTENSION = xctest;
			};
			name = Release;
		};
/* End XCBuildConfiguration section */

/* Begin XCConfigurationList section */
		2CA0F8051AF0305200228E2B /* Build configuration list for PBXProject "Out of this World" */ = {
			isa = XCConfigurationList;
			buildConfigurations = (
				2CA0F83A1AF0305200228E2B /* Debug */,
				2CA0F83B1AF0305200228E2B /* Release */,
			);
			defaultConfigurationIsVisible = 0;
			defaultConfigurationName = Release;
		};
		2CA0F83C1AF0305200228E2B /* Build configuration list for PBXNativeTarget "Out of this World" */ = {
			isa = XCConfigurationList;
			buildConfigurations = (
				2CA0F83D1AF0305200228E2B /* Debug */,
				2CA0F83E1AF0305200228E2B /* Release */,
			);
			defaultConfigurationIsVisible = 0;
			defaultConfigurationName = Release;
		};
		2CA0F83F1AF0305200228E2B /* Build configuration list for PBXNativeTarget "Out of this WorldTests" */ = {
			isa = XCConfigurationList;
			buildConfigurations = (
				2CA0F8401AF0305200228E2B /* Debug */,
				2CA0F8411AF0305200228E2B /* Release */,
			);
			defaultConfigurationIsVisible = 0;
			defaultConfigurationName = Release;
		};
/* End XCConfigurationList section */
	};
	rootObject = 2CA0F8021AF0305200228E2B /* Project object */;
}
